
Microsoft Visual Studio Solution File, Format Version 12.00
# Visual Studio 2017
Project("{FAE04EC0-301F-11D3-BF4B-00C04F79EFBC}") = "Zumbis2", "Zumbis2.csproj", "{0682D7E9-57B3-002F-AB9F-F80AF43C5DCA}"
EndProject
Global
	GlobalSection(SolutionConfigurationPlatforms) = preSolution
		Debug|Any CPU = Debug|Any CPU
		Release|Any CPU = Release|Any CPU
	EndGlobalSection
	GlobalSection(ProjectConfigurationPlatforms) = postSolution
		{0682D7E9-57B3-002F-AB9F-F80AF43C5DCA}.Debug|Any CPU.ActiveCfg = Debug|Any CPU
		{0682D7E9-57B3-002F-AB9F-F80AF43C5DCA}.Debug|Any CPU.Build.0 = Debug|Any CPU
		{0682D7E9-57B3-002F-AB9F-F80AF43C5DCA}.Release|Any CPU.ActiveCfg = Release|Any CPU
		{0682D7E9-57B3-002F-AB9F-F80AF43C5DCA}.Release|Any CPU.Build.0 = Release|Any CPU
	EndGlobalSection
	GlobalSection(SolutionProperties) = preSolution
		HideSolutionNode = FALSE
	EndGlobalSection
EndGlobal
